// !$*UTF8*$!
{
	archiveVersion = 1;
	classes = {
	};
	objectVersion = 46;
	objects = {

/* Begin PBXBuildFile section */
		148E751B81D003B89F26D5ED /* libPods-keyboardDemo.a in Frameworks */ = {isa = PBXBuildFile; fileRef = 0887ADA58F849DF219CED066 /* libPods-keyboardDemo.a */; };
		A7D52AF81D50852300C8707C /* main.m in Sources */ = {isa = PBXBuildFile; fileRef = A7D52AF71D50852300C8707C /* main.m */; };
		A7D52AFB1D50852300C8707C /* AppDelegate.m in Sources */ = {isa = PBXBuildFile; fileRef = A7D52AFA1D50852300C8707C /* AppDelegate.m */; };
		A7D52B031D50852400C8707C /* Assets.xcassets in Resources */ = {isa = PBXBuildFile; fileRef = A7D52B021D50852400C8707C /* Assets.xcassets */; };
		A7D52B061D50852400C8707C /* LaunchScreen.storyboard in Resources */ = {isa = PBXBuildFile; fileRef = A7D52B041D50852400C8707C /* LaunchScreen.storyboard */; };
		A7D52B0F1D5086AC00C8707C /* LoginViewController.m in Sources */ = {isa = PBXBuildFile; fileRef = A7D52B0E1D5086AC00C8707C /* LoginViewController.m */; };
		A7D52B141D50871600C8707C /* CCTextField.m in Sources */ = {isa = PBXBuildFile; fileRef = A7D52B111D50871600C8707C /* CCTextField.m */; };
		A7D52B151D50871600C8707C /* LoginField.m in Sources */ = {isa = PBXBuildFile; fileRef = A7D52B131D50871600C8707C /* LoginField.m */; };
		A7D52B181D5088D600C8707C /* login_bj_1136@2x.png in Resources */ = {isa = PBXBuildFile; fileRef = A7D52B171D5088D600C8707C /* login_bj_1136@2x.png */; };
		A7D52B1B1D50892C00C8707C /* UIView+DGExtension.m in Sources */ = {isa = PBXBuildFile; fileRef = A7D52B1A1D50892C00C8707C /* UIView+DGExtension.m */; };
		A7D52B1D1D50898500C8707C /* phone_white@2x.png in Resources */ = {isa = PBXBuildFile; fileRef = A7D52B1C1D50898500C8707C /* phone_white@2x.png */; };
		A7D52B1F1D50899100C8707C /* password_white@2x.png in Resources */ = {isa = PBXBuildFile; fileRef = A7D52B1E1D50899100C8707C /* password_white@2x.png */; };
/* End PBXBuildFile section */

/* Begin PBXFileReference section */
		0887ADA58F849DF219CED066 /* libPods-keyboardDemo.a */ = {isa = PBXFileReference; explicitFileType = archive.ar; includeInIndex = 0; path = "libPods-keyboardDemo.a"; sourceTree = BUILT_PRODUCTS_DIR; };
		A7D52AF31D50852300C8707C /* keyboardDemo.app */ = {isa = PBXFileReference; explicitFileType = wrapper.application; includeInIndex = 0; path = keyboardDemo.app; sourceTree = BUILT_PRODUCTS_DIR; };
		A7D52AF71D50852300C8707C /* main.m */ = {isa = PBXFileReference; lastKnownFileType = sourcecode.c.objc; path = main.m; sourceTree = "<group>"; };
		A7D52AF91D50852300C8707C /* AppDelegate.h */ = {isa = PBXFileReference; lastKnownFileType = sourcecode.c.h; path = AppDelegate.h; sourceTree = "<group>"; };
		A7D52AFA1D50852300C8707C /* AppDelegate.m */ = {isa = PBXFileReference; lastKnownFileType = sourcecode.c.objc; path = AppDelegate.m; sourceTree = "<group>"; };
		A7D52B021D50852400C8707C /* Assets.xcassets */ = {isa = PBXFileReference; lastKnownFileType = folder.assetcatalog; path = Assets.xcassets; sourceTree = "<group>"; };
		A7D52B051D50852400C8707C /* Base */ = {isa = PBXFileReference; lastKnownFileType = file.storyboard; name = Base; path = Base.lproj/LaunchScreen.storyboard; sourceTree = "<group>"; };
		A7D52B071D50852400C8707C /* Info.plist */ = {isa = PBXFileReference; lastKnownFileType = text.plist.xml; path = Info.plist; sourceTree = "<group>"; };
		A7D52B0D1D5086AC00C8707C /* LoginViewController.h */ = {isa = PBXFileReference; fileEncoding = 4; lastKnownFileType = sourcecode.c.h; path = LoginViewController.h; sourceTree = "<group>"; };
		A7D52B0E1D5086AC00C8707C /* LoginViewController.m */ = {isa = PBXFileReference; fileEncoding = 4; lastKnownFileType = sourcecode.c.objc; path = LoginViewController.m; sourceTree = "<group>"; };
		A7D52B101D50871600C8707C /* CCTextField.h */ = {isa = PBXFileReference; fileEncoding = 4; lastKnownFileType = sourcecode.c.h; path = CCTextField.h; sourceTree = "<group>"; };
		A7D52B111D50871600C8707C /* CCTextField.m */ = {isa = PBXFileReference; fileEncoding = 4; lastKnownFileType = sourcecode.c.objc; path = CCTextField.m; sourceTree = "<group>"; };
		A7D52B121D50871600C8707C /* LoginField.h */ = {isa = PBXFileReference; fileEncoding = 4; lastKnownFileType = sourcecode.c.h; path = LoginField.h; sourceTree = "<group>"; };
		A7D52B131D50871600C8707C /* LoginField.m */ = {isa = PBXFileReference; fileEncoding = 4; lastKnownFileType = sourcecode.c.objc; path = LoginField.m; sourceTree = "<group>"; };
		A7D52B171D5088D600C8707C /* login_bj_1136@2x.png */ = {isa = PBXFileReference; lastKnownFileType = image.png; path = "login_bj_1136@2x.png"; sourceTree = "<group>"; };
		A7D52B191D50892C00C8707C /* UIView+DGExtension.h */ = {isa = PBXFileReference; fileEncoding = 4; lastKnownFileType = sourcecode.c.h; path = "UIView+DGExtension.h"; sourceTree = "<group>"; };
		A7D52B1A1D50892C00C8707C /* UIView+DGExtension.m */ = {isa = PBXFileReference; fileEncoding = 4; lastKnownFileType = sourcecode.c.objc; path = "UIView+DGExtension.m"; sourceTree = "<group>"; };
		A7D52B1C1D50898500C8707C /* phone_white@2x.png */ = {isa = PBXFileReference; lastKnownFileType = image.png; path = "phone_white@2x.png"; sourceTree = "<group>"; };
		A7D52B1E1D50899100C8707C /* password_white@2x.png */ = {isa = PBXFileReference; lastKnownFileType = image.png; path = "password_white@2x.png"; sourceTree = "<group>"; };
		A7D52B201D508A3400C8707C /* macro.h */ = {isa = PBXFileReference; fileEncoding = 4; lastKnownFileType = sourcecode.c.h; path = macro.h; sourceTree = "<group>"; };
		E567E5439C3B364F6336F42E /* Pods-keyboardDemo.debug.xcconfig */ = {isa = PBXFileReference; includeInIndex = 1; lastKnownFileType = text.xcconfig; name = "Pods-keyboardDemo.debug.xcconfig"; path = "Pods/Target Support Files/Pods-keyboardDemo/Pods-keyboardDemo.debug.xcconfig"; sourceTree = "<group>"; };
		FE3B100101E3349FBB39E202 /* Pods-keyboardDemo.release.xcconfig */ = {isa = PBXFileReference; includeInIndex = 1; lastKnownFileType = text.xcconfig; name = "Pods-keyboardDemo.release.xcconfig"; path = "Pods/Target Support Files/Pods-keyboardDemo/Pods-keyboardDemo.release.xcconfig"; sourceTree = "<group>"; };
/* End PBXFileReference section */

/* Begin PBXFrameworksBuildPhase section */
		A7D52AF01D50852300C8707C /* Frameworks */ = {
			isa = PBXFrameworksBuildPhase;
			buildActionMask = 2147483647;
			files = (
				148E751B81D003B89F26D5ED /* libPods-keyboardDemo.a in Frameworks */,
			);
			runOnlyForDeploymentPostprocessing = 0;
		};
/* End PBXFrameworksBuildPhase section */

/* Begin PBXGroup section */
		A7D52AEA1D50852300C8707C = {
			isa = PBXGroup;
			children = (
				A7D52AF51D50852300C8707C /* keyboardDemo */,
				A7D52AF41D50852300C8707C /* Products */,
				AC7E52A863107EBFC5DE8C94 /* Pods */,
				B8A98819821280C88C00A19C /* Frameworks */,
			);
			sourceTree = "<group>";
		};
		A7D52AF41D50852300C8707C /* Products */ = {
			isa = PBXGroup;
			children = (
				A7D52AF31D50852300C8707C /* keyboardDemo.app */,
			);
			name = Products;
			sourceTree = "<group>";
		};
		A7D52AF51D50852300C8707C /* keyboardDemo */ = {
			isa = PBXGroup;
			children = (
				A7D52B1C1D50898500C8707C /* phone_white@2x.png */,
				A7D52B1E1D50899100C8707C /* password_white@2x.png */,
				A7D52B191D50892C00C8707C /* UIView+DGExtension.h */,
				A7D52B1A1D50892C00C8707C /* UIView+DGExtension.m */,
				A7D52B171D5088D600C8707C /* login_bj_1136@2x.png */,
				A7D52AF91D50852300C8707C /* AppDelegate.h */,
				A7D52AFA1D50852300C8707C /* AppDelegate.m */,
				A7D52B201D508A3400C8707C /* macro.h */,
				A7D52B101D50871600C8707C /* CCTextField.h */,
				A7D52B111D50871600C8707C /* CCTextField.m */,
				A7D52B121D50871600C8707C /* LoginField.h */,
				A7D52B131D50871600C8707C /* LoginField.m */,
				A7D52B0D1D5086AC00C8707C /* LoginViewController.h */,
				A7D52B0E1D5086AC00C8707C /* LoginViewController.m */,
				A7D52B021D50852400C8707C /* Assets.xcassets */,
				A7D52B041D50852400C8707C /* LaunchScreen.storyboard */,
				A7D52B071D50852400C8707C /* Info.plist */,
				A7D52AF61D50852300C8707C /* Supporting Files */,
			);
			path = keyboardDemo;
			sourceTree = "<group>";
		};
		A7D52AF61D50852300C8707C /* Supporting Files */ = {
			isa = PBXGroup;
			children = (
				A7D52AF71D50852300C8707C /* main.m */,
			);
			name = "Supporting Files";
			sourceTree = "<group>";
		};
		AC7E52A863107EBFC5DE8C94 /* Pods */ = {
			isa = PBXGroup;
			children = (
				E567E5439C3B364F6336F42E /* Pods-keyboardDemo.debug.xcconfig */,
				FE3B100101E3349FBB39E202 /* Pods-keyboardDemo.release.xcconfig */,
			);
			name = Pods;
			sourceTree = "<group>";
		};
		B8A98819821280C88C00A19C /* Frameworks */ = {
			isa = PBXGroup;
			children = (
				0887ADA58F849DF219CED066 /* libPods-keyboardDemo.a */,
			);
			name = Frameworks;
			sourceTree = "<group>";
		};
/* End PBXGroup section */

/* Begin PBXNativeTarget section */
		A7D52AF21D50852300C8707C /* keyboardDemo */ = {
			isa = PBXNativeTarget;
			buildConfigurationList = A7D52B0A1D50852400C8707C /* Build configuration list for PBXNativeTarget "keyboardDemo" */;
			buildPhases = (
				27248DB264855226348A73B3 /* [CP] Check Pods Manifest.lock */,
				A7D52AEF1D50852300C8707C /* Sources */,
				A7D52AF01D50852300C8707C /* Frameworks */,
				A7D52AF11D50852300C8707C /* Resources */,
				E6133E24389BEA586F072986 /* [CP] Embed Pods Frameworks */,
				57941003B224A0B3ABF8236B /* [CP] Copy Pods Resources */,
			);
			buildRules = (
			);
			dependencies = (
			);
			name = keyboardDemo;
			productName = keyboardDemo;
			productReference = A7D52AF31D50852300C8707C /* keyboardDemo.app */;
			productType = "com.apple.product-type.application";
		};
/* End PBXNativeTarget section */

/* Begin PBXProject section */
		A7D52AEB1D50852300C8707C /* Project object */ = {
			isa = PBXProject;
			attributes = {
				LastUpgradeCheck = 0730;
				ORGANIZATIONNAME = demo;
				TargetAttributes = {
					A7D52AF21D50852300C8707C = {
						CreatedOnToolsVersion = 7.3;
					};
				};
			};
			buildConfigurationList = A7D52AEE1D50852300C8707C /* Build configuration list for PBXProject "keyboardDemo" */;
			compatibilityVersion = "Xcode 3.2";
			developmentRegion = English;
			hasScannedForEncodings = 0;
			knownRegions = (
				en,
				Base,
			);
			mainGroup = A7D52AEA1D50852300C8707C;
			productRefGroup = A7D52AF41D50852300C8707C /* Products */;
			projectDirPath = "";
			projectRoot = "";
			targets = (
				A7D52AF21D50852300C8707C /* keyboardDemo */,
			);
		};
/* End PBXProject section */

/* Begin PBXResourcesBuildPhase section */
		A7D52AF11D50852300C8707C /* Resources */ = {
			isa = PBXResourcesBuildPhase;
			buildActionMask = 2147483647;
			files = (
				A7D52B181D5088D600C8707C /* login_bj_1136@2x.png in Resources */,
				A7D52B061D50852400C8707C /* LaunchScreen.storyboard in Resources */,
				A7D52B031D50852400C8707C /* Assets.xcassets in Resources */,
				A7D52B1D1D50898500C8707C /* phone_white@2x.png in Resources */,
				A7D52B1F1D50899100C8707C /* password_white@2x.png in Resources */,
			);
			runOnlyForDeploymentPostprocessing = 0;
		};
/* End PBXResourcesBuildPhase section */

/* Begin PBXShellScriptBuildPhase section */
		27248DB264855226348A73B3 /* [CP] Check Pods Manifest.lock */ = {
			isa = PBXShellScriptBuildPhase;
			buildActionMask = 2147483647;
			files = (
			);
			inputPaths = (
			);
			name = "[CP] Check Pods Manifest.lock";
			outputPaths = (
			);
			runOnlyForDeploymentPostprocessing = 0;
			shellPath = /bin/sh;
			shellScript = "diff \"${PODS_ROOT}/../Podfile.lock\" \"${PODS_ROOT}/Manifest.lock\" > /dev/null\nif [[ $? != 0 ]] ; then\n    cat << EOM\nerror: The sandbox is not in sync with the Podfile.lock. Run 'pod install' or update your CocoaPods installation.\nEOM\n    exit 1\nfi\n";
			showEnvVarsInLog = 0;
		};
		57941003B224A0B3ABF8236B /* [CP] Copy Pods Resources */ = {
			isa = PBXShellScriptBuildPhase;
			buildActionMask = 2147483647;
			files = (
			);
			inputPaths = (
			);
			name = "[CP] Copy Pods Resources";
			outputPaths = (
			);
			runOnlyForDeploymentPostprocessing = 0;
			shellPath = /bin/sh;
			shellScript = "\"${SRCROOT}/Pods/Target Support Files/Pods-keyboardDemo/Pods-keyboardDemo-resources.sh\"\n";
			showEnvVarsInLog = 0;
		};
		E6133E24389BEA586F072986 /* [CP] Embed Pods Frameworks */ = {
			isa = PBXShellScriptBuildPhase;
			buildActionMask = 2147483647;
			files = (
			);
			inputPaths = (
			);
			name = "[CP] Embed Pods Frameworks";
			outputPaths = (
			);
			runOnlyForDeploymentPostprocessing = 0;
			shellPath = /bin/sh;
			shellScript = "\"${SRCROOT}/Pods/Target Support Files/Pods-keyboardDemo/Pods-keyboardDemo-frameworks.sh\"\n";
			showEnvVarsInLog = 0;
		};
/* End PBXShellScriptBuildPhase section */

/* Begin PBXSourcesBuildPhase section */
		A7D52AEF1D50852300C8707C /* Sources */ = {
			isa = PBXSourcesBuildPhase;
			buildActionMask = 2147483647;
			files = (
				A7D52B0F1D5086AC00C8707C /* LoginViewController.m in Sources */,
				A7D52B151D50871600C8707C /* LoginField.m in Sources */,
				A7D52B141D50871600C8707C /* CCTextField.m in Sources */,
				A7D52B1B1D50892C00C8707C /* UIView+DGExtension.m in Sources */,
				A7D52AFB1D50852300C8707C /* AppDelegate.m in Sources */,
				A7D52AF81D50852300C8707C /* main.m in Sources */,
			);
			runOnlyForDeploymentPostprocessing = 0;
		};
/* End PBXSourcesBuildPhase section */

/* Begin PBXVariantGroup section */
		A7D52B041D50852400C8707C /* LaunchScreen.storyboard */ = {
			isa = PBXVariantGroup;
			children = (
				A7D52B051D50852400C8707C /* Base */,
			);
			name = LaunchScreen.storyboard;
			sourceTree = "<group>";
		};
/* End PBXVariantGroup section */

/* Begin XCBuildConfiguration section */
		A7D52B081D50852400C8707C /* Debug */ = {
			isa = XCBuildConfiguration;
			buildSettings = {
				ALWAYS_SEARCH_USER_PATHS = NO;
				CLANG_ANALYZER_NONNULL = YES;
				CLANG_CXX_LANGUAGE_STANDARD = "gnu++0x";
				CLANG_CXX_LIBRARY = "libc++";
				CLANG_ENABLE_MODULES = YES;
				CLANG_ENABLE_OBJC_ARC = YES;
				CLANG_WARN_BOOL_CONVERSION = YES;
				CLANG_WARN_CONSTANT_CONVERSION = YES;
				CLANG_WARN_DIRECT_OBJC_ISA_USAGE = YES_ERROR;
				CLANG_WARN_EMPTY_BODY = YES;
				CLANG_WARN_ENUM_CONVERSION = YES;
				CLANG_WARN_INT_CONVERSION = YES;
				CLANG_WARN_OBJC_ROOT_CLASS = YES_ERROR;
				CLANG_WARN_UNREACHABLE_CODE = YES;
				CLANG_WARN__DUPLICATE_METHOD_MATCH = YES;
				"CODE_SIGN_IDENTITY[sdk=iphoneos*]" = "iPhone Developer";
				COPY_PHASE_STRIP = NO;
				DEBUG_INFORMATION_FORMAT = dwarf;
				ENABLE_STRICT_OBJC_MSGSEND = YES;
				ENABLE_TESTABILITY = YES;
				GCC_C_LANGUAGE_STANDARD = gnu99;
				GCC_DYNAMIC_NO_PIC = NO;
				GCC_NO_COMMON_BLOCKS = YES;
				GCC_OPTIMIZATION_LEVEL = 0;
				GCC_PREPROCESSOR_DEFINITIONS = (
					"DEBUG=1",
					"$(inherited)",
				);
				GCC_WARN_64_TO_32_BIT_CONVERSION = YES;
				GCC_WARN_ABOUT_RETURN_TYPE = YES_ERROR;
				GCC_WARN_UNDECLARED_SELECTOR = YES;
				GCC_WARN_UNINITIALIZED_AUTOS = YES_AGGRESSIVE;
				GCC_WARN_UNUSED_FUNCTION = YES;
				GCC_WARN_UNUSED_VARIABLE = YES;
				IPHONEOS_DEPLOYMENT_TARGET = 9.3;
				MTL_ENABLE_DEBUG_INFO = YES;
				ONLY_ACTIVE_ARCH = YES;
				SDKROOT = iphoneos;
			};
			name = Debug;
		};
		A7D52B091D50852400C8707C /* Release */ = {
			isa = XCBuildConfiguration;
			buildSettings = {
				ALWAYS_SEARCH_USER_PATHS = NO;
				CLANG_ANALYZER_NONNULL = YES;
				CLANG_CXX_LANGUAGE_STANDARD = "gnu++0x";
				CLANG_CXX_LIBRARY = "libc++";
				CLANG_ENABLE_MODULES = YES;
				CLANG_ENABLE_OBJC_ARC = YES;
				CLANG_WARN_BOOL_CONVERSION = YES;
				CLANG_WARN_CONSTANT_CONVERSION = YES;
				CLANG_WARN_DIRECT_OBJC_ISA_USAGE = YES_ERROR;
				CLANG_WARN_EMPTY_BODY = YES;
				CLANG_WARN_ENUM_CONVERSION = YES;
				CLANG_WARN_INT_CONVERSION = YES;
				CLANG_WARN_OBJC_ROOT_CLASS = YES_ERROR;
				CLANG_WARN_UNREACHABLE_CODE = YES;
				CLANG_WARN__DUPLICATE_METHOD_MATCH = YES;
				"CODE_SIGN_IDENTITY[sdk=iphoneos*]" = "iPhone Developer";
				COPY_PHASE_STRIP = NO;
				DEBUG_INFORMATION_FORMAT = "dwarf-with-dsym";
				ENABLE_NS_ASSERTIONS = NO;
				ENABLE_STRICT_OBJC_MSGSEND = YES;
				GCC_C_LANGUAGE_STANDARD = gnu99;
				GCC_NO_COMMON_BLOCKS = YES;
				GCC_WARN_64_TO_32_BIT_CONVERSION = YES;
				GCC_WARN_ABOUT_RETURN_TYPE = YES_ERROR;
				GCC_WARN_UNDECLARED_SELECTOR = YES;
				GCC_WARN_UNINITIALIZED_AUTOS = YES_AGGRESSIVE;
				GCC_WARN_UNUSED_FUNCTION = YES;
				GCC_WARN_UNUSED_VARIABLE = YES;
				IPHONEOS_DEPLOYMENT_TARGET = 9.3;
				MTL_ENABLE_DEBUG_INFO = NO;
				SDKROOT = iphoneos;
				VALIDATE_PRODUCT = YES;
			};
			name = Release;
		};
		A7D52B0B1D50852400C8707C /* Debug */ = {
			isa = XCBuildConfiguration;
			baseConfigurationReference = E567E5439C3B364F6336F42E /* Pods-keyboardDemo.debug.xcconfig */;
			buildSettings = {
				ASSETCATALOG_COMPILER_APPICON_NAME = AppIcon;
				INFOPLIST_FILE = keyboardDemo/Info.plist;
				LD_RUNPATH_SEARCH_PATHS = "$(inherited) @executable_path/Frameworks";
				PRODUCT_BUNDLE_IDENTIFIER = com.test.keyboardDemo;
				PRODUCT_NAME = "$(TARGET_NAME)";
			};
			name = Debug;
		};
		A7D52B0C1D50852400C8707C /* Release */ = {
			isa = XCBuildConfiguration;
			baseConfigurationReference = FE3B100101E3349FBB39E202 /* Pods-keyboardDemo.release.xcconfig */;
			buildSettings = {
				ASSETCATALOG_COMPILER_APPICON_NAME = AppIcon;
				INFOPLIST_FILE = keyboardDemo/Info.plist;
				LD_RUNPATH_SEARCH_PATHS = "$(inherited) @executable_path/Frameworks";
				PRODUCT_BUNDLE_IDENTIFIER = com.test.keyboardDemo;
				PRODUCT_NAME = "$(TARGET_NAME)";
			};
			name = Release;
		};
/* End XCBuildConfiguration section */

/* Begin XCConfigurationList section */
		A7D52AEE1D50852300C8707C /* Build configuration list for PBXProject "keyboardDemo" */ = {
			isa = XCConfigurationList;
			buildConfigurations = (
				A7D52B081D50852400C8707C /* Debug */,
				A7D52B091D50852400C8707C /* Release */,
			);
			defaultConfigurationIsVisible = 0;
			defaultConfigurationName = Release;
		};
		A7D52B0A1D50852400C8707C /* Build configuration list for PBXNativeTarget "keyboardDemo" */ = {
			isa = XCConfigurationList;
			buildConfigurations = (
				A7D52B0B1D50852400C8707C /* Debug */,
				A7D52B0C1D50852400C8707C /* Release */,
			);
			defaultConfigurationIsVisible = 0;
			defaultConfigurationName = Release;
		};
/* End XCConfigurationList section */
	};
	rootObject = A7D52AEB1D50852300C8707C /* Project object */;
}
